
Microsoft Visual Studio Solution File, Format Version 12.00
# Visual Studio Version 16
VisualStudioVersion = 16.0.30330.147
MinimumVisualStudioVersion = 10.0.40219.1
Project("{9A19103F-16F7-4668-BE54-9A1E7A4F7556}") = "NLog.NewRelic", "NLog.Targets.NewRelic\NLog.NewRelic.csproj", "{B5641DE7-6856-4518-AFDC-FC1BE870AA94}"
EndProject
Project("{2150E333-8FDC-42A3-9474-1A3956D46DE8}") = "SolutionItems", "SolutionItems", "{D68FE8BB-0C69-4A0E-9922-6D623D80EB16}"
	ProjectSection(SolutionItems) = preProject
		..\.gitignore = ..\.gitignore
		..\LICENSE = ..\LICENSE
		..\ReadMe.md = ..\ReadMe.md
	EndProjectSection
EndProject
Global
	GlobalSection(SolutionConfigurationPlatforms) = preSolution
		Debug|Any CPU = Debug|Any CPU
		Release|Any CPU = Release|Any CPU
	EndGlobalSection
	GlobalSection(ProjectConfigurationPlatforms) = postSolution
		{B5641DE7-6856-4518-AFDC-FC1BE870AA94}.Debug|Any CPU.ActiveCfg = Debug|Any CPU
		{B5641DE7-6856-4518-AFDC-FC1BE870AA94}.Debug|Any CPU.Build.0 = Debug|Any CPU
		{B5641DE7-6856-4518-AFDC-FC1BE870AA94}.Release|Any CPU.ActiveCfg = Release|Any CPU
		{B5641DE7-6856-4518-AFDC-FC1BE870AA94}.Release|Any CPU.Build.0 = Release|Any CPU
	EndGlobalSection
	GlobalSection(SolutionProperties) = preSolution
		HideSolutionNode = FALSE
	EndGlobalSection
	GlobalSection(ExtensibilityGlobals) = postSolution
		SolutionGuid = {40AF92CA-BA61-47C9-9285-2F125FB2D84C}
	EndGlobalSection
EndGlobal
